{
  "name": "@adminforth/two-factors-auth",
  "version": "1.0.33",
  "lockfileVersion": 3,
  "requires": true,
  "packages": {
    "": {
      "name": "@adminforth/two-factors-auth",
      "version": "1.0.33",
      "hasInstallScript": true,
      "license": "ISC",
      "dependencies": {
        "node-2fa": "^2.0.3"
      }
    },
    "node_modules/@types/node": {
      "version": "20.14.9",
      "resolved": "https://registry.npmjs.org/@types/node/-/node-20.14.9.tgz",
      "integrity": "sha512-06OCtnTXtWOZBJlRApleWndH4JsRVs1pDCc8dLSQp+7PpUpX3ePdHyeNSFTeSe7FtKyQkrlPvHwJOW3SLd8Oyg==",
      "dependencies": {
        "undici-types": "~5.26.4"
      }
    },
    "node_modules/@types/notp": {
      "version": "2.0.5",
      "resolved": "https://registry.npmjs.org/@types/notp/-/notp-2.0.5.tgz",
      "integrity": "sha512-ZsZS0PYUa6ZE4K3yOGerBvaxCp4ePf6ZmkFbPeilcqz2Ui/lmXox7KlRt7XZkXzqUgXhFLkc09ixyVmFLCU3gQ==",
      "dependencies": {
        "@types/node": "*"
      }
    },
    "node_modules/node-2fa": {
      "version": "2.0.3",
      "resolved": "https://registry.npmjs.org/node-2fa/-/node-2fa-2.0.3.tgz",
      "integrity": "sha512-PQldrOhjuoZyoydMvMSctllPN1ZPZ1/NwkEcgYwY9faVqE/OymxR+3awPpbWZxm6acLKqvmNqQmdqTsqYyflFw==",
      "dependencies": {
        "@types/notp": "^2.0.0",
        "notp": "^2.0.3",
        "thirty-two": "1.0.2",
        "tslib": "^2.1.0"
      }
    },
    "node_modules/notp": {
      "version": "2.0.3",
      "resolved": "https://registry.npmjs.org/notp/-/notp-2.0.3.tgz",
      "integrity": "sha512-oBig/2uqkjQ5AkBuw4QJYwkEWa/q+zHxI5/I5z6IeP2NT0alpJFsP/trrfCC+9xOAgQSZXssNi962kp5KBmypQ==",
      "engines": {
        "node": "> v0.6.0"
      }
    },
    "node_modules/thirty-two": {
      "version": "1.0.2",
      "resolved": "https://registry.npmjs.org/thirty-two/-/thirty-two-1.0.2.tgz",
      "integrity": "sha512-OEI0IWCe+Dw46019YLl6V10Us5bi574EvlJEOcAkB29IzQ/mYD1A6RyNHLjZPiHCmuodxvgF6U+vZO1L15lxVA==",
      "engines": {
        "node": ">=0.2.6"
      }
    },
    "node_modules/tslib": {
      "version": "2.6.3",
      "resolved": "https://registry.npmjs.org/tslib/-/tslib-2.6.3.tgz",
      "integrity": "sha512-xNvxJEOUiWPGhUuUdQgAJPKOOJfGnIyKySOc09XkKsgdUV/3E2zvwZYdejjmRgPCgcym1juLH3226yA7sEFJKQ=="
    },
    "node_modules/undici-types": {
      "version": "5.26.5",
      "resolved": "https://registry.npmjs.org/undici-types/-/undici-types-5.26.5.tgz",
      "integrity": "sha512-JlCMO+ehdEIKqlFxk6IfVoAUVmgz7cU7zD/h9XZ0qzeosSHmUJVOzSQvvYSYWXkFXC+IfLKSIffhv0sVZup6pA=="
    }
  }
}
