{
  "name": "custom",
  "version": "1.0.0",
  "lockfileVersion": 3,
  "requires": true,
  "packages": {
    "": {
      "name": "custom",
      "version": "1.0.0",
      "license": "ISC",
      "dependencies": {
        "@iconify-prerendered/vue-mdi": "^0.25.1718880438",
        "apexcharts": "^3.52.0"
      },
      "devDependencies": {
        "highcharts-vue": "^2.0.1",
        "vue-suggestion-input": "^0.0.12"
      }
    },
    "node_modules/@babel/parser": {
      "version": "7.24.7",
      "resolved": "https://registry.npmjs.org/@babel/parser/-/parser-7.24.7.tgz",
      "integrity": "sha512-9uUYRm6OqQrCqQdG1iCBwBPZgN8ciDBro2nIOFaiRz1/BCxaI7CNvQbDHvsArAC7Tw9Hda/B3U+6ui9u4HWXPw==",
      "bin": {
        "parser": "bin/babel-parser.js"
      },
      "engines": {
        "node": ">=6.0.0"
      }
    },
    "node_modules/@iconify-prerendered/vue-mdi": {
      "version": "0.25.1718880438",
      "resolved": "https://registry.npmjs.org/@iconify-prerendered/vue-mdi/-/vue-mdi-0.25.1718880438.tgz",
      "integrity": "sha512-C4ITBtuANNw7ehCjymK6KNqP65Gtp/P7cLgBqwbyZoVU55cxbsUwseW5s4WfuqBd5RdHd2HXZgm+4SJ8E6l8Wg==",
      "funding": {
        "url": "https://www.buymeacoffee.com/kozack/"
      },
      "peerDependencies": {
        "vue": "^3.0.0"
      }
    },
    "node_modules/@jridgewell/sourcemap-codec": {
      "version": "1.5.0",
      "resolved": "https://registry.npmjs.org/@jridgewell/sourcemap-codec/-/sourcemap-codec-1.5.0.tgz",
      "integrity": "sha512-gv3ZRaISU3fjPAgNsriBRqGWQL6quFx04YMPW/zD8XMLsU32mhCCbfbO6KZFLjvYpCZ8zyDEgqsgf+PwPaM7GQ=="
    },
    "node_modules/@vue/compiler-core": {
      "version": "3.4.31",
      "resolved": "https://registry.npmjs.org/@vue/compiler-core/-/compiler-core-3.4.31.tgz",
      "integrity": "sha512-skOiodXWTV3DxfDhB4rOf3OGalpITLlgCeOwb+Y9GJpfQ8ErigdBUHomBzvG78JoVE8MJoQsb+qhZiHfKeNeEg==",
      "dependencies": {
        "@babel/parser": "^7.24.7",
        "@vue/shared": "3.4.31",
        "entities": "^4.5.0",
        "estree-walker": "^2.0.2",
        "source-map-js": "^1.2.0"
      }
    },
    "node_modules/@vue/compiler-dom": {
      "version": "3.4.31",
      "resolved": "https://registry.npmjs.org/@vue/compiler-dom/-/compiler-dom-3.4.31.tgz",
      "integrity": "sha512-wK424WMXsG1IGMyDGyLqB+TbmEBFM78hIsOJ9QwUVLGrcSk0ak6zYty7Pj8ftm7nEtdU/DGQxAXp0/lM/2cEpQ==",
      "dependencies": {
        "@vue/compiler-core": "3.4.31",
        "@vue/shared": "3.4.31"
      }
    },
    "node_modules/@vue/compiler-sfc": {
      "version": "3.4.31",
      "resolved": "https://registry.npmjs.org/@vue/compiler-sfc/-/compiler-sfc-3.4.31.tgz",
      "integrity": "sha512-einJxqEw8IIJxzmnxmJBuK2usI+lJonl53foq+9etB2HAzlPjAS/wa7r0uUpXw5ByX3/0uswVSrjNb17vJm1kQ==",
      "dependencies": {
        "@babel/parser": "^7.24.7",
        "@vue/compiler-core": "3.4.31",
        "@vue/compiler-dom": "3.4.31",
        "@vue/compiler-ssr": "3.4.31",
        "@vue/shared": "3.4.31",
        "estree-walker": "^2.0.2",
        "magic-string": "^0.30.10",
        "postcss": "^8.4.38",
        "source-map-js": "^1.2.0"
      }
    },
    "node_modules/@vue/compiler-ssr": {
      "version": "3.4.31",
      "resolved": "https://registry.npmjs.org/@vue/compiler-ssr/-/compiler-ssr-3.4.31.tgz",
      "integrity": "sha512-RtefmITAje3fJ8FSg1gwgDhdKhZVntIVbwupdyZDSifZTRMiWxWehAOTCc8/KZDnBOcYQ4/9VWxsTbd3wT0hAA==",
      "dependencies": {
        "@vue/compiler-dom": "3.4.31",
        "@vue/shared": "3.4.31"
      }
    },
    "node_modules/@vue/reactivity": {
      "version": "3.4.31",
      "resolved": "https://registry.npmjs.org/@vue/reactivity/-/reactivity-3.4.31.tgz",
      "integrity": "sha512-VGkTani8SOoVkZNds1PfJ/T1SlAIOf8E58PGAhIOUDYPC4GAmFA2u/E14TDAFcf3vVDKunc4QqCe/SHr8xC65Q==",
      "dependencies": {
        "@vue/shared": "3.4.31"
      }
    },
    "node_modules/@vue/runtime-core": {
      "version": "3.4.31",
      "resolved": "https://registry.npmjs.org/@vue/runtime-core/-/runtime-core-3.4.31.tgz",
      "integrity": "sha512-LDkztxeUPazxG/p8c5JDDKPfkCDBkkiNLVNf7XZIUnJ+66GVGkP+TIh34+8LtPisZ+HMWl2zqhIw0xN5MwU1cw==",
      "dependencies": {
        "@vue/reactivity": "3.4.31",
        "@vue/shared": "3.4.31"
      }
    },
    "node_modules/@vue/runtime-dom": {
      "version": "3.4.31",
      "resolved": "https://registry.npmjs.org/@vue/runtime-dom/-/runtime-dom-3.4.31.tgz",
      "integrity": "sha512-2Auws3mB7+lHhTFCg8E9ZWopA6Q6L455EcU7bzcQ4x6Dn4cCPuqj6S2oBZgN2a8vJRS/LSYYxwFFq2Hlx3Fsaw==",
      "dependencies": {
        "@vue/reactivity": "3.4.31",
        "@vue/runtime-core": "3.4.31",
        "@vue/shared": "3.4.31",
        "csstype": "^3.1.3"
      }
    },
    "node_modules/@vue/server-renderer": {
      "version": "3.4.31",
      "resolved": "https://registry.npmjs.org/@vue/server-renderer/-/server-renderer-3.4.31.tgz",
      "integrity": "sha512-D5BLbdvrlR9PE3by9GaUp1gQXlCNadIZytMIb8H2h3FMWJd4oUfkUTEH2wAr3qxoRz25uxbTcbqd3WKlm9EHQA==",
      "dependencies": {
        "@vue/compiler-ssr": "3.4.31",
        "@vue/shared": "3.4.31"
      },
      "peerDependencies": {
        "vue": "3.4.31"
      }
    },
    "node_modules/@vue/shared": {
      "version": "3.4.31",
      "resolved": "https://registry.npmjs.org/@vue/shared/-/shared-3.4.31.tgz",
      "integrity": "sha512-Yp3wtJk//8cO4NItOPpi3QkLExAr/aLBGZMmTtW9WpdwBCJpRM6zj9WgWktXAl8IDIozwNMByT45JP3tO3ACWA=="
    },
    "node_modules/@yr/monotone-cubic-spline": {
      "version": "1.0.3",
      "resolved": "https://registry.npmjs.org/@yr/monotone-cubic-spline/-/monotone-cubic-spline-1.0.3.tgz",
      "integrity": "sha512-FQXkOta0XBSUPHndIKON2Y9JeQz5ZeMqLYZVVK93FliNBFm7LNMIZmY6FrMEB9XPcDbE2bekMbZD6kzDkxwYjA=="
    },
    "node_modules/apexcharts": {
      "version": "3.52.0",
      "resolved": "https://registry.npmjs.org/apexcharts/-/apexcharts-3.52.0.tgz",
      "integrity": "sha512-7dg0ADKs8AA89iYMZMe2sFDG0XK5PfqllKV9N+i3hKHm3vEtdhwz8AlXGm+/b0nJ6jKiaXsqci5LfVxNhtB+dA==",
      "dependencies": {
        "@yr/monotone-cubic-spline": "^1.0.3",
        "svg.draggable.js": "^2.2.2",
        "svg.easing.js": "^2.0.0",
        "svg.filter.js": "^2.0.2",
        "svg.pathmorphing.js": "^0.1.3",
        "svg.resize.js": "^1.4.3",
        "svg.select.js": "^3.0.1"
      }
    },
    "node_modules/csstype": {
      "version": "3.1.3",
      "resolved": "https://registry.npmjs.org/csstype/-/csstype-3.1.3.tgz",
      "integrity": "sha512-M1uQkMl8rQK/szD0LNhtqxIPLpimGm8sOBwU7lLnCpSbTyY3yeU1Vc7l4KT5zT4s/yOxHH5O7tIuuLOCnLADRw=="
    },
    "node_modules/entities": {
      "version": "4.5.0",
      "resolved": "https://registry.npmjs.org/entities/-/entities-4.5.0.tgz",
      "integrity": "sha512-V0hjH4dGPh9Ao5p0MoRY6BVqtwCjhz6vI5LT8AJ55H+4g9/4vbHx1I54fS0XuclLhDHArPQCiMjDxjaL8fPxhw==",
      "engines": {
        "node": ">=0.12"
      },
      "funding": {
        "url": "https://github.com/fb55/entities?sponsor=1"
      }
    },
    "node_modules/estree-walker": {
      "version": "2.0.2",
      "resolved": "https://registry.npmjs.org/estree-walker/-/estree-walker-2.0.2.tgz",
      "integrity": "sha512-Rfkk/Mp/DL7JVje3u18FxFujQlTNR2q6QfMSMB7AvCBx91NGj/ba3kCfza0f6dVDbw7YlRf/nDrn7pQrCCyQ/w=="
    },
    "node_modules/eventemitter3": {
      "version": "5.0.1",
      "resolved": "https://registry.npmjs.org/eventemitter3/-/eventemitter3-5.0.1.tgz",
      "integrity": "sha512-GWkBvjiSZK87ELrYOSESUYeVIc9mvLLf/nXalMOS5dYrgZq9o5OVkbZAVM06CVxYsCwH9BDZFPlQTlPA1j4ahA==",
      "dev": true
    },
    "node_modules/fast-diff": {
      "version": "1.3.0",
      "resolved": "https://registry.npmjs.org/fast-diff/-/fast-diff-1.3.0.tgz",
      "integrity": "sha512-VxPP4NqbUjj6MaAOafWeUn2cXWLcCtljklUtZf0Ind4XQ+QPtmA0b18zZy0jIQx+ExRVCR/ZQpBmik5lXshNsw==",
      "dev": true
    },
    "node_modules/highcharts": {
      "version": "11.4.6",
      "resolved": "https://registry.npmjs.org/highcharts/-/highcharts-11.4.6.tgz",
      "integrity": "sha512-ntFZ053giEEquAxza+HlOWiLQyCLOjQ3M3EV4r6LoSNKS/fz2S0EKGl8G7Jls9EaYmdAHecB/vL4hGI2J1Ud9g==",
      "dev": true,
      "peer": true
    },
    "node_modules/highcharts-vue": {
      "version": "2.0.1",
      "resolved": "https://registry.npmjs.org/highcharts-vue/-/highcharts-vue-2.0.1.tgz",
      "integrity": "sha512-7yVaKvsWlx7OgmKFXE2D99fi/0tr2A85H4KUz3jL7CRQhAwvEvXgtDIyTBGLHJsOC5L9VlppAI7k6KfIi0j0hg==",
      "dev": true,
      "peerDependencies": {
        "highcharts": ">=5.0.0",
        "vue": ">=3.0.0"
      }
    },
    "node_modules/lodash-es": {
      "version": "4.17.21",
      "resolved": "https://registry.npmjs.org/lodash-es/-/lodash-es-4.17.21.tgz",
      "integrity": "sha512-mKnC+QJ9pWVzv+C4/U3rRsHapFfHvQFoFB92e52xeyGMcX6/OlIl78je1u8vePzYZSkkogMPJ2yjxxsb89cxyw==",
      "dev": true
    },
    "node_modules/lodash.clonedeep": {
      "version": "4.5.0",
      "resolved": "https://registry.npmjs.org/lodash.clonedeep/-/lodash.clonedeep-4.5.0.tgz",
      "integrity": "sha512-H5ZhCF25riFd9uB5UCkVKo61m3S/xZk1x4wA6yp/L3RFP6Z/eHH1ymQcGLo7J3GMPfm0V/7m1tryHuGVxpqEBQ==",
      "dev": true
    },
    "node_modules/lodash.isequal": {
      "version": "4.5.0",
      "resolved": "https://registry.npmjs.org/lodash.isequal/-/lodash.isequal-4.5.0.tgz",
      "integrity": "sha512-pDo3lu8Jhfjqls6GkMgpahsF9kCyayhgykjyLMNFTKWrpVdAQtYyB4muAMWozBB4ig/dtWAmsMxLEI8wuz+DYQ==",
      "dev": true
    },
    "node_modules/magic-string": {
      "version": "0.30.10",
      "resolved": "https://registry.npmjs.org/magic-string/-/magic-string-0.30.10.tgz",
      "integrity": "sha512-iIRwTIf0QKV3UAnYK4PU8uiEc4SRh5jX0mwpIwETPpHdhVM4f53RSwS/vXvN1JhGX+Cs7B8qIq3d6AH49O5fAQ==",
      "dependencies": {
        "@jridgewell/sourcemap-codec": "^1.4.15"
      }
    },
    "node_modules/nanoid": {
      "version": "3.3.7",
      "resolved": "https://registry.npmjs.org/nanoid/-/nanoid-3.3.7.tgz",
      "integrity": "sha512-eSRppjcPIatRIMC1U6UngP8XFcz8MQWGQdt1MTBQ7NaAmvXDfvNxbvWV3x2y6CdEUciCSsDHDQZbhYaB8QEo2g==",
      "funding": [
        {
          "type": "github",
          "url": "https://github.com/sponsors/ai"
        }
      ],
      "bin": {
        "nanoid": "bin/nanoid.cjs"
      },
      "engines": {
        "node": "^10 || ^12 || ^13.7 || ^14 || >=15.0.1"
      }
    },
    "node_modules/parchment": {
      "version": "3.0.0",
      "resolved": "https://registry.npmjs.org/parchment/-/parchment-3.0.0.tgz",
      "integrity": "sha512-HUrJFQ/StvgmXRcQ1ftY6VEZUq3jA2t9ncFN4F84J/vN0/FPpQF+8FKXb3l6fLces6q0uOHj6NJn+2xvZnxO6A==",
      "dev": true
    },
    "node_modules/picocolors": {
      "version": "1.0.1",
      "resolved": "https://registry.npmjs.org/picocolors/-/picocolors-1.0.1.tgz",
      "integrity": "sha512-anP1Z8qwhkbmu7MFP5iTt+wQKXgwzf7zTyGlcdzabySa9vd0Xt392U0rVmz9poOaBj0uHJKyyo9/upk0HrEQew=="
    },
    "node_modules/postcss": {
      "version": "8.4.39",
      "resolved": "https://registry.npmjs.org/postcss/-/postcss-8.4.39.tgz",
      "integrity": "sha512-0vzE+lAiG7hZl1/9I8yzKLx3aR9Xbof3fBHKunvMfOCYAtMhrsnccJY2iTURb9EZd5+pLuiNV9/c/GZJOHsgIw==",
      "funding": [
        {
          "type": "opencollective",
          "url": "https://opencollective.com/postcss/"
        },
        {
          "type": "tidelift",
          "url": "https://tidelift.com/funding/github/npm/postcss"
        },
        {
          "type": "github",
          "url": "https://github.com/sponsors/ai"
        }
      ],
      "dependencies": {
        "nanoid": "^3.3.7",
        "picocolors": "^1.0.1",
        "source-map-js": "^1.2.0"
      },
      "engines": {
        "node": "^10 || ^12 || >=14"
      }
    },
    "node_modules/quill": {
      "version": "2.0.2",
      "resolved": "https://registry.npmjs.org/quill/-/quill-2.0.2.tgz",
      "integrity": "sha512-QfazNrhMakEdRG57IoYFwffUIr04LWJxbS/ZkidRFXYCQt63c1gK6Z7IHUXMx/Vh25WgPBU42oBaNzQ0K1R/xw==",
      "dev": true,
      "dependencies": {
        "eventemitter3": "^5.0.1",
        "lodash-es": "^4.17.21",
        "parchment": "^3.0.0",
        "quill-delta": "^5.1.0"
      },
      "engines": {
        "npm": ">=8.2.3"
      }
    },
    "node_modules/quill-delta": {
      "version": "5.1.0",
      "resolved": "https://registry.npmjs.org/quill-delta/-/quill-delta-5.1.0.tgz",
      "integrity": "sha512-X74oCeRI4/p0ucjb5Ma8adTXd9Scumz367kkMK5V/IatcX6A0vlgLgKbzXWy5nZmCGeNJm2oQX0d2Eqj+ZIlCA==",
      "dev": true,
      "dependencies": {
        "fast-diff": "^1.3.0",
        "lodash.clonedeep": "^4.5.0",
        "lodash.isequal": "^4.5.0"
      },
      "engines": {
        "node": ">= 12.0.0"
      }
    },
    "node_modules/source-map-js": {
      "version": "1.2.0",
      "resolved": "https://registry.npmjs.org/source-map-js/-/source-map-js-1.2.0.tgz",
      "integrity": "sha512-itJW8lvSA0TXEphiRoawsCksnlf8SyvmFzIhltqAHluXd88pkCd+cXJVHTDwdCr0IzwptSm035IHQktUu1QUMg==",
      "engines": {
        "node": ">=0.10.0"
      }
    },
    "node_modules/svg.draggable.js": {
      "version": "2.2.2",
      "resolved": "https://registry.npmjs.org/svg.draggable.js/-/svg.draggable.js-2.2.2.tgz",
      "integrity": "sha512-JzNHBc2fLQMzYCZ90KZHN2ohXL0BQJGQimK1kGk6AvSeibuKcIdDX9Kr0dT9+UJ5O8nYA0RB839Lhvk4CY4MZw==",
      "dependencies": {
        "svg.js": "^2.0.1"
      },
      "engines": {
        "node": ">= 0.8.0"
      }
    },
    "node_modules/svg.easing.js": {
      "version": "2.0.0",
      "resolved": "https://registry.npmjs.org/svg.easing.js/-/svg.easing.js-2.0.0.tgz",
      "integrity": "sha512-//ctPdJMGy22YoYGV+3HEfHbm6/69LJUTAqI2/5qBvaNHZ9uUFVC82B0Pl299HzgH13rKrBgi4+XyXXyVWWthA==",
      "dependencies": {
        "svg.js": ">=2.3.x"
      },
      "engines": {
        "node": ">= 0.8.0"
      }
    },
    "node_modules/svg.filter.js": {
      "version": "2.0.2",
      "resolved": "https://registry.npmjs.org/svg.filter.js/-/svg.filter.js-2.0.2.tgz",
      "integrity": "sha512-xkGBwU+dKBzqg5PtilaTb0EYPqPfJ9Q6saVldX+5vCRy31P6TlRCP3U9NxH3HEufkKkpNgdTLBJnmhDHeTqAkw==",
      "dependencies": {
        "svg.js": "^2.2.5"
      },
      "engines": {
        "node": ">= 0.8.0"
      }
    },
    "node_modules/svg.js": {
      "version": "2.7.1",
      "resolved": "https://registry.npmjs.org/svg.js/-/svg.js-2.7.1.tgz",
      "integrity": "sha512-ycbxpizEQktk3FYvn/8BH+6/EuWXg7ZpQREJvgacqn46gIddG24tNNe4Son6omdXCnSOaApnpZw6MPCBA1dODA=="
    },
    "node_modules/svg.pathmorphing.js": {
      "version": "0.1.3",
      "resolved": "https://registry.npmjs.org/svg.pathmorphing.js/-/svg.pathmorphing.js-0.1.3.tgz",
      "integrity": "sha512-49HWI9X4XQR/JG1qXkSDV8xViuTLIWm/B/7YuQELV5KMOPtXjiwH4XPJvr/ghEDibmLQ9Oc22dpWpG0vUDDNww==",
      "dependencies": {
        "svg.js": "^2.4.0"
      },
      "engines": {
        "node": ">= 0.8.0"
      }
    },
    "node_modules/svg.resize.js": {
      "version": "1.4.3",
      "resolved": "https://registry.npmjs.org/svg.resize.js/-/svg.resize.js-1.4.3.tgz",
      "integrity": "sha512-9k5sXJuPKp+mVzXNvxz7U0uC9oVMQrrf7cFsETznzUDDm0x8+77dtZkWdMfRlmbkEEYvUn9btKuZ3n41oNA+uw==",
      "dependencies": {
        "svg.js": "^2.6.5",
        "svg.select.js": "^2.1.2"
      },
      "engines": {
        "node": ">= 0.8.0"
      }
    },
    "node_modules/svg.resize.js/node_modules/svg.select.js": {
      "version": "2.1.2",
      "resolved": "https://registry.npmjs.org/svg.select.js/-/svg.select.js-2.1.2.tgz",
      "integrity": "sha512-tH6ABEyJsAOVAhwcCjF8mw4crjXSI1aa7j2VQR8ZuJ37H2MBUbyeqYr5nEO7sSN3cy9AR9DUwNg0t/962HlDbQ==",
      "dependencies": {
        "svg.js": "^2.2.5"
      },
      "engines": {
        "node": ">= 0.8.0"
      }
    },
    "node_modules/svg.select.js": {
      "version": "3.0.1",
      "resolved": "https://registry.npmjs.org/svg.select.js/-/svg.select.js-3.0.1.tgz",
      "integrity": "sha512-h5IS/hKkuVCbKSieR9uQCj9w+zLHoPh+ce19bBYyqF53g6mnPB8sAtIbe1s9dh2S2fCmYX2xel1Ln3PJBbK4kw==",
      "dependencies": {
        "svg.js": "^2.6.5"
      },
      "engines": {
        "node": ">= 0.8.0"
      }
    },
    "node_modules/vue": {
      "version": "3.4.31",
      "resolved": "https://registry.npmjs.org/vue/-/vue-3.4.31.tgz",
      "integrity": "sha512-njqRrOy7W3YLAlVqSKpBebtZpDVg21FPoaq1I7f/+qqBThK9ChAIjkRWgeP6Eat+8C+iia4P3OYqpATP21BCoQ==",
      "dependencies": {
        "@vue/compiler-dom": "3.4.31",
        "@vue/compiler-sfc": "3.4.31",
        "@vue/runtime-dom": "3.4.31",
        "@vue/server-renderer": "3.4.31",
        "@vue/shared": "3.4.31"
      },
      "peerDependencies": {
        "typescript": "*"
      },
      "peerDependenciesMeta": {
        "typescript": {
          "optional": true
        }
      }
    },
    "node_modules/vue-suggestion-input": {
      "version": "0.0.12",
      "resolved": "https://registry.npmjs.org/vue-suggestion-input/-/vue-suggestion-input-0.0.12.tgz",
      "integrity": "sha512-ufluBuKOPlTs7Bj01yYy19vuQ1bdgti9/6c+4DRw1GRTxUXevKvwsGoNv5mwSmt+LdZ4NFreiICuhDlCPKqH1A==",
      "dev": true,
      "dependencies": {
        "quill": "^2.0.2",
        "vue": "^3.4.31"
      }
    }
  }
}
