{
  "name": "custom",
  "version": "1.0.0",
  "lockfileVersion": 3,
  "requires": true,
  "packages": {
    "": {
      "name": "custom",
      "version": "1.0.0",
      "license": "ISC",
      "dependencies": {
        "@iconify-prerendered/vue-mdi": "^0.25.1718880438",
        "medium-zoom": "^1.1.0"
      }
    },
    "node_modules/@babel/helper-string-parser": {
      "version": "7.25.7",
      "resolved": "https://registry.npmjs.org/@babel/helper-string-parser/-/helper-string-parser-7.25.7.tgz",
      "integrity": "sha512-CbkjYdsJNHFk8uqpEkpCvRs3YRp9tY6FmFY7wLMSYuGYkrdUi7r2lc4/wqsvlHoMznX3WJ9IP8giGPq68T/Y6g==",
      "peer": true,
      "engines": {
        "node": ">=6.9.0"
      }
    },
    "node_modules/@babel/helper-validator-identifier": {
      "version": "7.25.7",
      "resolved": "https://registry.npmjs.org/@babel/helper-validator-identifier/-/helper-validator-identifier-7.25.7.tgz",
      "integrity": "sha512-AM6TzwYqGChO45oiuPqwL2t20/HdMC1rTPAesnBCgPCSF1x3oN9MVUwQV2iyz4xqWrctwK5RNC8LV22kaQCNYg==",
      "peer": true,
      "engines": {
        "node": ">=6.9.0"
      }
    },
    "node_modules/@babel/parser": {
      "version": "7.25.7",
      "resolved": "https://registry.npmjs.org/@babel/parser/-/parser-7.25.7.tgz",
      "integrity": "sha512-aZn7ETtQsjjGG5HruveUK06cU3Hljuhd9Iojm4M8WWv3wLE6OkE5PWbDUkItmMgegmccaITudyuW5RPYrYlgWw==",
      "peer": true,
      "dependencies": {
        "@babel/types": "^7.25.7"
      },
      "bin": {
        "parser": "bin/babel-parser.js"
      },
      "engines": {
        "node": ">=6.0.0"
      }
    },
    "node_modules/@babel/types": {
      "version": "7.25.7",
      "resolved": "https://registry.npmjs.org/@babel/types/-/types-7.25.7.tgz",
      "integrity": "sha512-vwIVdXG+j+FOpkwqHRcBgHLYNL7XMkufrlaFvL9o6Ai9sJn9+PdyIL5qa0XzTZw084c+u9LOls53eoZWP/W5WQ==",
      "peer": true,
      "dependencies": {
        "@babel/helper-string-parser": "^7.25.7",
        "@babel/helper-validator-identifier": "^7.25.7",
        "to-fast-properties": "^2.0.0"
      },
      "engines": {
        "node": ">=6.9.0"
      }
    },
    "node_modules/@iconify-prerendered/vue-mdi": {
      "version": "0.25.1718880438",
      "resolved": "https://registry.npmjs.org/@iconify-prerendered/vue-mdi/-/vue-mdi-0.25.1718880438.tgz",
      "integrity": "sha512-C4ITBtuANNw7ehCjymK6KNqP65Gtp/P7cLgBqwbyZoVU55cxbsUwseW5s4WfuqBd5RdHd2HXZgm+4SJ8E6l8Wg==",
      "funding": {
        "url": "https://www.buymeacoffee.com/kozack/"
      },
      "peerDependencies": {
        "vue": "^3.0.0"
      }
    },
    "node_modules/@jridgewell/sourcemap-codec": {
      "version": "1.5.0",
      "resolved": "https://registry.npmjs.org/@jridgewell/sourcemap-codec/-/sourcemap-codec-1.5.0.tgz",
      "integrity": "sha512-gv3ZRaISU3fjPAgNsriBRqGWQL6quFx04YMPW/zD8XMLsU32mhCCbfbO6KZFLjvYpCZ8zyDEgqsgf+PwPaM7GQ==",
      "peer": true
    },
    "node_modules/@vue/compiler-core": {
      "version": "3.5.10",
      "resolved": "https://registry.npmjs.org/@vue/compiler-core/-/compiler-core-3.5.10.tgz",
      "integrity": "sha512-iXWlk+Cg/ag7gLvY0SfVucU8Kh2CjysYZjhhP70w9qI4MvSox4frrP+vDGvtQuzIcgD8+sxM6lZvCtdxGunTAA==",
      "peer": true,
      "dependencies": {
        "@babel/parser": "^7.25.3",
        "@vue/shared": "3.5.10",
        "entities": "^4.5.0",
        "estree-walker": "^2.0.2",
        "source-map-js": "^1.2.0"
      }
    },
    "node_modules/@vue/compiler-dom": {
      "version": "3.5.10",
      "resolved": "https://registry.npmjs.org/@vue/compiler-dom/-/compiler-dom-3.5.10.tgz",
      "integrity": "sha512-DyxHC6qPcktwYGKOIy3XqnHRrrXyWR2u91AjP+nLkADko380srsC2DC3s7Y1Rk6YfOlxOlvEQKa9XXmLI+W4ZA==",
      "peer": true,
      "dependencies": {
        "@vue/compiler-core": "3.5.10",
        "@vue/shared": "3.5.10"
      }
    },
    "node_modules/@vue/compiler-sfc": {
      "version": "3.5.10",
      "resolved": "https://registry.npmjs.org/@vue/compiler-sfc/-/compiler-sfc-3.5.10.tgz",
      "integrity": "sha512-to8E1BgpakV7224ZCm8gz1ZRSyjNCAWEplwFMWKlzCdP9DkMKhRRwt0WkCjY7jkzi/Vz3xgbpeig5Pnbly4Tow==",
      "peer": true,
      "dependencies": {
        "@babel/parser": "^7.25.3",
        "@vue/compiler-core": "3.5.10",
        "@vue/compiler-dom": "3.5.10",
        "@vue/compiler-ssr": "3.5.10",
        "@vue/shared": "3.5.10",
        "estree-walker": "^2.0.2",
        "magic-string": "^0.30.11",
        "postcss": "^8.4.47",
        "source-map-js": "^1.2.0"
      }
    },
    "node_modules/@vue/compiler-ssr": {
      "version": "3.5.10",
      "resolved": "https://registry.npmjs.org/@vue/compiler-ssr/-/compiler-ssr-3.5.10.tgz",
      "integrity": "sha512-hxP4Y3KImqdtyUKXDRSxKSRkSm1H9fCvhojEYrnaoWhE4w/y8vwWhnosJoPPe2AXm5sU7CSbYYAgkt2ZPhDz+A==",
      "peer": true,
      "dependencies": {
        "@vue/compiler-dom": "3.5.10",
        "@vue/shared": "3.5.10"
      }
    },
    "node_modules/@vue/reactivity": {
      "version": "3.5.10",
      "resolved": "https://registry.npmjs.org/@vue/reactivity/-/reactivity-3.5.10.tgz",
      "integrity": "sha512-kW08v06F6xPSHhid9DJ9YjOGmwNDOsJJQk0ax21wKaUYzzuJGEuoKNU2Ujux8FLMrP7CFJJKsHhXN9l2WOVi2g==",
      "peer": true,
      "dependencies": {
        "@vue/shared": "3.5.10"
      }
    },
    "node_modules/@vue/runtime-core": {
      "version": "3.5.10",
      "resolved": "https://registry.npmjs.org/@vue/runtime-core/-/runtime-core-3.5.10.tgz",
      "integrity": "sha512-9Q86I5Qq3swSkFfzrZ+iqEy7Vla325M7S7xc1NwKnRm/qoi1Dauz0rT6mTMmscqx4qz0EDJ1wjB+A36k7rl8mA==",
      "peer": true,
      "dependencies": {
        "@vue/reactivity": "3.5.10",
        "@vue/shared": "3.5.10"
      }
    },
    "node_modules/@vue/runtime-dom": {
      "version": "3.5.10",
      "resolved": "https://registry.npmjs.org/@vue/runtime-dom/-/runtime-dom-3.5.10.tgz",
      "integrity": "sha512-t3x7ht5qF8ZRi1H4fZqFzyY2j+GTMTDxRheT+i8M9Ph0oepUxoadmbwlFwMoW7RYCpNQLpP2Yx3feKs+fyBdpA==",
      "peer": true,
      "dependencies": {
        "@vue/reactivity": "3.5.10",
        "@vue/runtime-core": "3.5.10",
        "@vue/shared": "3.5.10",
        "csstype": "^3.1.3"
      }
    },
    "node_modules/@vue/server-renderer": {
      "version": "3.5.10",
      "resolved": "https://registry.npmjs.org/@vue/server-renderer/-/server-renderer-3.5.10.tgz",
      "integrity": "sha512-IVE97tt2kGKwHNq9yVO0xdh1IvYfZCShvDSy46JIh5OQxP1/EXSpoDqetVmyIzL7CYOWnnmMkVqd7YK2QSWkdw==",
      "peer": true,
      "dependencies": {
        "@vue/compiler-ssr": "3.5.10",
        "@vue/shared": "3.5.10"
      },
      "peerDependencies": {
        "vue": "3.5.10"
      }
    },
    "node_modules/@vue/shared": {
      "version": "3.5.10",
      "resolved": "https://registry.npmjs.org/@vue/shared/-/shared-3.5.10.tgz",
      "integrity": "sha512-VkkBhU97Ki+XJ0xvl4C9YJsIZ2uIlQ7HqPpZOS3m9VCvmROPaChZU6DexdMJqvz9tbgG+4EtFVrSuailUq5KGQ==",
      "peer": true
    },
    "node_modules/csstype": {
      "version": "3.1.3",
      "resolved": "https://registry.npmjs.org/csstype/-/csstype-3.1.3.tgz",
      "integrity": "sha512-M1uQkMl8rQK/szD0LNhtqxIPLpimGm8sOBwU7lLnCpSbTyY3yeU1Vc7l4KT5zT4s/yOxHH5O7tIuuLOCnLADRw==",
      "peer": true
    },
    "node_modules/entities": {
      "version": "4.5.0",
      "resolved": "https://registry.npmjs.org/entities/-/entities-4.5.0.tgz",
      "integrity": "sha512-V0hjH4dGPh9Ao5p0MoRY6BVqtwCjhz6vI5LT8AJ55H+4g9/4vbHx1I54fS0XuclLhDHArPQCiMjDxjaL8fPxhw==",
      "peer": true,
      "engines": {
        "node": ">=0.12"
      },
      "funding": {
        "url": "https://github.com/fb55/entities?sponsor=1"
      }
    },
    "node_modules/estree-walker": {
      "version": "2.0.2",
      "resolved": "https://registry.npmjs.org/estree-walker/-/estree-walker-2.0.2.tgz",
      "integrity": "sha512-Rfkk/Mp/DL7JVje3u18FxFujQlTNR2q6QfMSMB7AvCBx91NGj/ba3kCfza0f6dVDbw7YlRf/nDrn7pQrCCyQ/w==",
      "peer": true
    },
    "node_modules/magic-string": {
      "version": "0.30.11",
      "resolved": "https://registry.npmjs.org/magic-string/-/magic-string-0.30.11.tgz",
      "integrity": "sha512-+Wri9p0QHMy+545hKww7YAu5NyzF8iomPL/RQazugQ9+Ez4Ic3mERMd8ZTX5rfK944j+560ZJi8iAwgak1Ac7A==",
      "peer": true,
      "dependencies": {
        "@jridgewell/sourcemap-codec": "^1.5.0"
      }
    },
    "node_modules/medium-zoom": {
      "version": "1.1.0",
      "resolved": "https://registry.npmjs.org/medium-zoom/-/medium-zoom-1.1.0.tgz",
      "integrity": "sha512-ewyDsp7k4InCUp3jRmwHBRFGyjBimKps/AJLjRSox+2q/2H4p/PNpQf+pwONWlJiOudkBXtbdmVbFjqyybfTmQ=="
    },
    "node_modules/nanoid": {
      "version": "3.3.7",
      "resolved": "https://registry.npmjs.org/nanoid/-/nanoid-3.3.7.tgz",
      "integrity": "sha512-eSRppjcPIatRIMC1U6UngP8XFcz8MQWGQdt1MTBQ7NaAmvXDfvNxbvWV3x2y6CdEUciCSsDHDQZbhYaB8QEo2g==",
      "funding": [
        {
          "type": "github",
          "url": "https://github.com/sponsors/ai"
        }
      ],
      "peer": true,
      "bin": {
        "nanoid": "bin/nanoid.cjs"
      },
      "engines": {
        "node": "^10 || ^12 || ^13.7 || ^14 || >=15.0.1"
      }
    },
    "node_modules/picocolors": {
      "version": "1.1.0",
      "resolved": "https://registry.npmjs.org/picocolors/-/picocolors-1.1.0.tgz",
      "integrity": "sha512-TQ92mBOW0l3LeMeyLV6mzy/kWr8lkd/hp3mTg7wYK7zJhuBStmGMBG0BdeDZS/dZx1IukaX6Bk11zcln25o1Aw==",
      "peer": true
    },
    "node_modules/postcss": {
      "version": "8.4.47",
      "resolved": "https://registry.npmjs.org/postcss/-/postcss-8.4.47.tgz",
      "integrity": "sha512-56rxCq7G/XfB4EkXq9Egn5GCqugWvDFjafDOThIdMBsI15iqPqR5r15TfSr1YPYeEI19YeaXMCbY6u88Y76GLQ==",
      "funding": [
        {
          "type": "opencollective",
          "url": "https://opencollective.com/postcss/"
        },
        {
          "type": "tidelift",
          "url": "https://tidelift.com/funding/github/npm/postcss"
        },
        {
          "type": "github",
          "url": "https://github.com/sponsors/ai"
        }
      ],
      "peer": true,
      "dependencies": {
        "nanoid": "^3.3.7",
        "picocolors": "^1.1.0",
        "source-map-js": "^1.2.1"
      },
      "engines": {
        "node": "^10 || ^12 || >=14"
      }
    },
    "node_modules/source-map-js": {
      "version": "1.2.1",
      "resolved": "https://registry.npmjs.org/source-map-js/-/source-map-js-1.2.1.tgz",
      "integrity": "sha512-UXWMKhLOwVKb728IUtQPXxfYU+usdybtUrK/8uGE8CQMvrhOpwvzDBwj0QhSL7MQc7vIsISBG8VQ8+IDQxpfQA==",
      "peer": true,
      "engines": {
        "node": ">=0.10.0"
      }
    },
    "node_modules/to-fast-properties": {
      "version": "2.0.0",
      "resolved": "https://registry.npmjs.org/to-fast-properties/-/to-fast-properties-2.0.0.tgz",
      "integrity": "sha512-/OaKK0xYrs3DmxRYqL/yDc+FxFUVYhDlXMhRmv3z915w2HF1tnN1omB354j8VUGO/hbRzyD6Y3sA7v7GS/ceog==",
      "peer": true,
      "engines": {
        "node": ">=4"
      }
    },
    "node_modules/vue": {
      "version": "3.5.10",
      "resolved": "https://registry.npmjs.org/vue/-/vue-3.5.10.tgz",
      "integrity": "sha512-Vy2kmJwHPlouC/tSnIgXVg03SG+9wSqT1xu1Vehc+ChsXsRd7jLkKgMltVEFOzUdBr3uFwBCG+41LJtfAcBRng==",
      "peer": true,
      "dependencies": {
        "@vue/compiler-dom": "3.5.10",
        "@vue/compiler-sfc": "3.5.10",
        "@vue/runtime-dom": "3.5.10",
        "@vue/server-renderer": "3.5.10",
        "@vue/shared": "3.5.10"
      },
      "peerDependencies": {
        "typescript": "*"
      },
      "peerDependenciesMeta": {
        "typescript": {
          "optional": true
        }
      }
    }
  }
}
