{
  "name": "@adminforth/audit-log",
  "version": "1.0.43",
  "lockfileVersion": 3,
  "requires": true,
  "packages": {
    "": {
      "name": "@adminforth/audit-log",
      "version": "1.0.43",
      "hasInstallScript": true,
      "license": "ISC",
      "dependencies": {
        "dayjs": "^1.11.11"
      }
    },
    "node_modules/dayjs": {
      "version": "1.11.11",
      "resolved": "https://registry.npmjs.org/dayjs/-/dayjs-1.11.11.tgz",
      "integrity": "sha512-okzr3f11N6WuqYtZSvm+F776mB41wRZMhKP+hc34YdW+KmtYYK9iqvHSwo2k9FEH3fhGXvOPV6yz2IcSrfRUDg=="
    }
  }
}
